
Microsoft Visual Studio Solution File, Format Version 12.00
# Visual Studio Version 17
VisualStudioVersion = 17.5.33502.453
MinimumVisualStudioVersion = 10.0.40219.1
Project("{9A19103F-16F7-4668-BE54-9A1E7A4F7556}") = "MillionThings", "MillionThings\MillionThings.csproj", "{3883BF7B-D05D-4CB0-9F10-D5EE56C2AC94}"
EndProject
Project("{9A19103F-16F7-4668-BE54-9A1E7A4F7556}") = "MillionThings.Test", "MillionThings.Test\MillionThings.Test.csproj", "{5554A3CE-B306-46BA-BEE6-2F426EF2099E}"
EndProject
Global
	GlobalSection(SolutionConfigurationPlatforms) = preSolution
		Debug|Any CPU = Debug|Any CPU
		Release|Any CPU = Release|Any CPU
	EndGlobalSection
	GlobalSection(ProjectConfigurationPlatforms) = postSolution
		{3883BF7B-D05D-4CB0-9F10-D5EE56C2AC94}.Debug|Any CPU.ActiveCfg = Debug|Any CPU
		{3883BF7B-D05D-4CB0-9F10-D5EE56C2AC94}.Debug|Any CPU.Build.0 = Debug|Any CPU
		{3883BF7B-D05D-4CB0-9F10-D5EE56C2AC94}.Release|Any CPU.ActiveCfg = Release|Any CPU
		{3883BF7B-D05D-4CB0-9F10-D5EE56C2AC94}.Release|Any CPU.Build.0 = Release|Any CPU
		{5554A3CE-B306-46BA-BEE6-2F426EF2099E}.Debug|Any CPU.ActiveCfg = Debug|Any CPU
		{5554A3CE-B306-46BA-BEE6-2F426EF2099E}.Debug|Any CPU.Build.0 = Debug|Any CPU
		{5554A3CE-B306-46BA-BEE6-2F426EF2099E}.Release|Any CPU.ActiveCfg = Release|Any CPU
		{5554A3CE-B306-46BA-BEE6-2F426EF2099E}.Release|Any CPU.Build.0 = Release|Any CPU
	EndGlobalSection
	GlobalSection(SolutionProperties) = preSolution
		HideSolutionNode = FALSE
	EndGlobalSection
	GlobalSection(ExtensibilityGlobals) = postSolution
		SolutionGuid = {0EB064F4-DBC4-48FC-9872-04214CCC25A1}
	EndGlobalSection
EndGlobal
